
Microsoft Visual Studio Solution File, Format Version 12.00
# Visual Studio 15
VisualStudioVersion = 15.0.26228.4
MinimumVisualStudioVersion = 10.0.40219.1
Project("{FAE04EC0-301F-11D3-BF4B-00C04F79EFBC}") = "SpeseAnnuali", "..\Spese Annuali\SpeseAnnuali\SpeseAnnuali.csproj", "{AACA2038-EB0A-42D2-97DA-0D3AA666F907}"
EndProject
Project("{FAE04EC0-301F-11D3-BF4B-00C04F79EFBC}") = "GenericModelData", "..\ModelData\GenericModelData\GenericModelData.csproj", "{DBF65EA6-0650-452D-816F-AA8E61159CC5}"
EndProject
Project("{FAE04EC0-301F-11D3-BF4B-00C04F79EFBC}") = "Checking", "..\Checking\Checking.csproj", "{0FD48129-477C-43EC-A9A2-447D92376EA7}"
EndProject
Project("{FAE04EC0-301F-11D3-BF4B-00C04F79EFBC}") = "ContoCorrente", "..\ContoCorrente\ContoCorrente.csproj", "{3A3E0704-C5FF-461B-AB69-F815D0CF5D2B}"
EndProject
Project("{FAE04EC0-301F-11D3-BF4B-00C04F79EFBC}") = "Libretto", "..\Libretto\Libretto.csproj", "{DD393B1D-19C4-477E-B55C-008EC09AEB94}"
EndProject
Project("{FAE04EC0-301F-11D3-BF4B-00C04F79EFBC}") = "Mantenimento", "..\Mantenimento\Mantenimento.csproj", "{B1C84318-E334-40D9-B350-26C34C545A76}"
EndProject
Project("{FAE04EC0-301F-11D3-BF4B-00C04F79EFBC}") = "DumpExec", "..\DumpExec\DumpExec.csproj", "{9EC0F028-A3A7-4671-A873-81B2E998610E}"
EndProject
Project("{FAE04EC0-301F-11D3-BF4B-00C04F79EFBC}") = "MenuGenerator", "MenuGenerator\MenuGenerator.csproj", "{9E49A6EB-F7FB-4861-BE64-764766455907}"
EndProject
Project("{FAE04EC0-301F-11D3-BF4B-00C04F79EFBC}") = "CreateForm", "..\CreateForm\CreateForm.csproj", "{76DB0231-6AC8-4895-B32D-B6799772F1E6}"
EndProject
Project("{FAE04EC0-301F-11D3-BF4B-00C04F79EFBC}") = "LeaderProcess", "..\LeaderProcess\LeaderProcess.csproj", "{014CDC74-52E7-47C1-9D96-1633085B5E7F}"
EndProject
Project("{FAE04EC0-301F-11D3-BF4B-00C04F79EFBC}") = "PostPay", "..\PostPay\PostPay.csproj", "{5F1D007E-5BB4-4752-A3AE-B38C29DA95C7}"
EndProject
Project("{FAE04EC0-301F-11D3-BF4B-00C04F79EFBC}") = "MpFA5", "MpFA20\MpFA20\MpFA5.csproj", "{A4FC9AAE-D061-4143-A5A3-19694E286208}"
EndProject
Project("{FAE04EC0-301F-11D3-BF4B-00C04F79EFBC}") = "PDFCreator", "..\PDFCreator\DatagridviewToPDF\PDFCreator.csproj", "{547A928D-E9A3-446E-BA14-5480E92941AD}"
EndProject
Project("{FAE04EC0-301F-11D3-BF4B-00C04F79EFBC}") = "RunningReports", "..\RunningReports\RunningReports.csproj", "{7D96AF9B-251F-42BD-B5DC-C8E45984FC94}"
EndProject
Global
	GlobalSection(SolutionConfigurationPlatforms) = preSolution
		Debug|Any CPU = Debug|Any CPU
		Release|Any CPU = Release|Any CPU
	EndGlobalSection
	GlobalSection(ProjectConfigurationPlatforms) = postSolution
		{AACA2038-EB0A-42D2-97DA-0D3AA666F907}.Debug|Any CPU.ActiveCfg = Debug|Any CPU
		{AACA2038-EB0A-42D2-97DA-0D3AA666F907}.Debug|Any CPU.Build.0 = Debug|Any CPU
		{AACA2038-EB0A-42D2-97DA-0D3AA666F907}.Release|Any CPU.ActiveCfg = Release|Any CPU
		{AACA2038-EB0A-42D2-97DA-0D3AA666F907}.Release|Any CPU.Build.0 = Release|Any CPU
		{DBF65EA6-0650-452D-816F-AA8E61159CC5}.Debug|Any CPU.ActiveCfg = Debug|Any CPU
		{DBF65EA6-0650-452D-816F-AA8E61159CC5}.Debug|Any CPU.Build.0 = Debug|Any CPU
		{DBF65EA6-0650-452D-816F-AA8E61159CC5}.Release|Any CPU.ActiveCfg = Release|Any CPU
		{DBF65EA6-0650-452D-816F-AA8E61159CC5}.Release|Any CPU.Build.0 = Release|Any CPU
		{0FD48129-477C-43EC-A9A2-447D92376EA7}.Debug|Any CPU.ActiveCfg = Debug|Any CPU
		{0FD48129-477C-43EC-A9A2-447D92376EA7}.Debug|Any CPU.Build.0 = Debug|Any CPU
		{0FD48129-477C-43EC-A9A2-447D92376EA7}.Release|Any CPU.ActiveCfg = Release|Any CPU
		{0FD48129-477C-43EC-A9A2-447D92376EA7}.Release|Any CPU.Build.0 = Release|Any CPU
		{3A3E0704-C5FF-461B-AB69-F815D0CF5D2B}.Debug|Any CPU.ActiveCfg = Debug|Any CPU
		{3A3E0704-C5FF-461B-AB69-F815D0CF5D2B}.Debug|Any CPU.Build.0 = Debug|Any CPU
		{3A3E0704-C5FF-461B-AB69-F815D0CF5D2B}.Release|Any CPU.ActiveCfg = Release|Any CPU
		{3A3E0704-C5FF-461B-AB69-F815D0CF5D2B}.Release|Any CPU.Build.0 = Release|Any CPU
		{DD393B1D-19C4-477E-B55C-008EC09AEB94}.Debug|Any CPU.ActiveCfg = Debug|Any CPU
		{DD393B1D-19C4-477E-B55C-008EC09AEB94}.Debug|Any CPU.Build.0 = Debug|Any CPU
		{DD393B1D-19C4-477E-B55C-008EC09AEB94}.Release|Any CPU.ActiveCfg = Release|Any CPU
		{DD393B1D-19C4-477E-B55C-008EC09AEB94}.Release|Any CPU.Build.0 = Release|Any CPU
		{B1C84318-E334-40D9-B350-26C34C545A76}.Debug|Any CPU.ActiveCfg = Debug|Any CPU
		{B1C84318-E334-40D9-B350-26C34C545A76}.Debug|Any CPU.Build.0 = Debug|Any CPU
		{B1C84318-E334-40D9-B350-26C34C545A76}.Release|Any CPU.ActiveCfg = Release|Any CPU
		{B1C84318-E334-40D9-B350-26C34C545A76}.Release|Any CPU.Build.0 = Release|Any CPU
		{9EC0F028-A3A7-4671-A873-81B2E998610E}.Debug|Any CPU.ActiveCfg = Debug|Any CPU
		{9EC0F028-A3A7-4671-A873-81B2E998610E}.Debug|Any CPU.Build.0 = Debug|Any CPU
		{9EC0F028-A3A7-4671-A873-81B2E998610E}.Release|Any CPU.ActiveCfg = Release|Any CPU
		{9EC0F028-A3A7-4671-A873-81B2E998610E}.Release|Any CPU.Build.0 = Release|Any CPU
		{9E49A6EB-F7FB-4861-BE64-764766455907}.Debug|Any CPU.ActiveCfg = Debug|Any CPU
		{9E49A6EB-F7FB-4861-BE64-764766455907}.Debug|Any CPU.Build.0 = Debug|Any CPU
		{9E49A6EB-F7FB-4861-BE64-764766455907}.Release|Any CPU.ActiveCfg = Release|Any CPU
		{9E49A6EB-F7FB-4861-BE64-764766455907}.Release|Any CPU.Build.0 = Release|Any CPU
		{76DB0231-6AC8-4895-B32D-B6799772F1E6}.Debug|Any CPU.ActiveCfg = Debug|Any CPU
		{76DB0231-6AC8-4895-B32D-B6799772F1E6}.Debug|Any CPU.Build.0 = Debug|Any CPU
		{76DB0231-6AC8-4895-B32D-B6799772F1E6}.Release|Any CPU.ActiveCfg = Release|Any CPU
		{76DB0231-6AC8-4895-B32D-B6799772F1E6}.Release|Any CPU.Build.0 = Release|Any CPU
		{014CDC74-52E7-47C1-9D96-1633085B5E7F}.Debug|Any CPU.ActiveCfg = Debug|Any CPU
		{014CDC74-52E7-47C1-9D96-1633085B5E7F}.Debug|Any CPU.Build.0 = Debug|Any CPU
		{014CDC74-52E7-47C1-9D96-1633085B5E7F}.Release|Any CPU.ActiveCfg = Release|Any CPU
		{014CDC74-52E7-47C1-9D96-1633085B5E7F}.Release|Any CPU.Build.0 = Release|Any CPU
		{5F1D007E-5BB4-4752-A3AE-B38C29DA95C7}.Debug|Any CPU.ActiveCfg = Debug|Any CPU
		{5F1D007E-5BB4-4752-A3AE-B38C29DA95C7}.Debug|Any CPU.Build.0 = Debug|Any CPU
		{5F1D007E-5BB4-4752-A3AE-B38C29DA95C7}.Release|Any CPU.ActiveCfg = Release|Any CPU
		{5F1D007E-5BB4-4752-A3AE-B38C29DA95C7}.Release|Any CPU.Build.0 = Release|Any CPU
		{A4FC9AAE-D061-4143-A5A3-19694E286208}.Debug|Any CPU.ActiveCfg = Debug|Any CPU
		{A4FC9AAE-D061-4143-A5A3-19694E286208}.Debug|Any CPU.Build.0 = Debug|Any CPU
		{A4FC9AAE-D061-4143-A5A3-19694E286208}.Release|Any CPU.ActiveCfg = Release|Any CPU
		{A4FC9AAE-D061-4143-A5A3-19694E286208}.Release|Any CPU.Build.0 = Release|Any CPU
		{547A928D-E9A3-446E-BA14-5480E92941AD}.Debug|Any CPU.ActiveCfg = Debug|Any CPU
		{547A928D-E9A3-446E-BA14-5480E92941AD}.Debug|Any CPU.Build.0 = Debug|Any CPU
		{547A928D-E9A3-446E-BA14-5480E92941AD}.Release|Any CPU.ActiveCfg = Release|Any CPU
		{547A928D-E9A3-446E-BA14-5480E92941AD}.Release|Any CPU.Build.0 = Release|Any CPU
		{7D96AF9B-251F-42BD-B5DC-C8E45984FC94}.Debug|Any CPU.ActiveCfg = Debug|Any CPU
		{7D96AF9B-251F-42BD-B5DC-C8E45984FC94}.Debug|Any CPU.Build.0 = Debug|Any CPU
		{7D96AF9B-251F-42BD-B5DC-C8E45984FC94}.Release|Any CPU.ActiveCfg = Release|Any CPU
		{7D96AF9B-251F-42BD-B5DC-C8E45984FC94}.Release|Any CPU.Build.0 = Release|Any CPU
	EndGlobalSection
	GlobalSection(SolutionProperties) = preSolution
		HideSolutionNode = FALSE
	EndGlobalSection
EndGlobal
